// !$*UTF8*$!
{
	archiveVersion = 1;
	classes = {
	};
	objectVersion = 55;
	objects = {

/* Begin PBXBuildFile section */
		70633F0E36E9CE62B8D6A39E /* Pods_Cinema_CinemaUITests.framework in Frameworks */ = {isa = PBXBuildFile; fileRef = 918EC5373853F53D5280DCE4 /* Pods_Cinema_CinemaUITests.framework */; };
		BABC58010E1A32AE0EFEA821 /* Pods_CinemaTests.framework in Frameworks */ = {isa = PBXBuildFile; fileRef = 2A4132EA1E1C5FFF96216E3B /* Pods_CinemaTests.framework */; };
		BD09AC2629598FD6008CD452 /* AppDelegate.swift in Sources */ = {isa = PBXBuildFile; fileRef = BD09AC2529598FD6008CD452 /* AppDelegate.swift */; };
		BD09AC2829598FD6008CD452 /* SceneDelegate.swift in Sources */ = {isa = PBXBuildFile; fileRef = BD09AC2729598FD6008CD452 /* SceneDelegate.swift */; };
		BD09AC3229598FD8008CD452 /* LaunchScreen.storyboard in Resources */ = {isa = PBXBuildFile; fileRef = BD09AC3029598FD8008CD452 /* LaunchScreen.storyboard */; };
		BD09AC3D29598FD8008CD452 /* CinemaTests.swift in Sources */ = {isa = PBXBuildFile; fileRef = BD09AC3C29598FD8008CD452 /* CinemaTests.swift */; };
		BD09AC4729598FD9008CD452 /* CinemaUITests.swift in Sources */ = {isa = PBXBuildFile; fileRef = BD09AC4629598FD9008CD452 /* CinemaUITests.swift */; };
		BD09AC4929598FD9008CD452 /* CinemaUITestsLaunchTests.swift in Sources */ = {isa = PBXBuildFile; fileRef = BD09AC4829598FD9008CD452 /* CinemaUITestsLaunchTests.swift */; };
		BD09AC5F2959A465008CD452 /* RequestType.swift in Sources */ = {isa = PBXBuildFile; fileRef = BD09AC5E2959A465008CD452 /* RequestType.swift */; };
		BD09AC612959A4AC008CD452 /* ErrorType.swift in Sources */ = {isa = PBXBuildFile; fileRef = BD09AC602959A4AC008CD452 /* ErrorType.swift */; };
		BD09AC632959A4F1008CD452 /* APIConstants.swift in Sources */ = {isa = PBXBuildFile; fileRef = BD09AC622959A4F1008CD452 /* APIConstants.swift */; };
		BD09AC652959A558008CD452 /* Endpoint.swift in Sources */ = {isa = PBXBuildFile; fileRef = BD09AC642959A558008CD452 /* Endpoint.swift */; };
		BD09AC682959A6D7008CD452 /* JSONParser.swift in Sources */ = {isa = PBXBuildFile; fileRef = BD09AC672959A6D7008CD452 /* JSONParser.swift */; };
		BD09AC6A2959A75D008CD452 /* API.swift in Sources */ = {isa = PBXBuildFile; fileRef = BD09AC692959A75D008CD452 /* API.swift */; };
		BD09AC6C2959A7B6008CD452 /* APIClient.swift in Sources */ = {isa = PBXBuildFile; fileRef = BD09AC6B2959A7B6008CD452 /* APIClient.swift */; };
		BD09AC702959D144008CD452 /* MediaItem.swift in Sources */ = {isa = PBXBuildFile; fileRef = BD09AC6F2959D144008CD452 /* MediaItem.swift */; };
		BD09AC732959D2FE008CD452 /* TrendingEndpoint.swift in Sources */ = {isa = PBXBuildFile; fileRef = BD09AC722959D2FE008CD452 /* TrendingEndpoint.swift */; };
		BD09AC79295C727D008CD452 /* BaseCoordinator.swift in Sources */ = {isa = PBXBuildFile; fileRef = BD09AC78295C727D008CD452 /* BaseCoordinator.swift */; };
		BD09AC81295C7308008CD452 /* TrendingViewModel.swift in Sources */ = {isa = PBXBuildFile; fileRef = BD09AC80295C7308008CD452 /* TrendingViewModel.swift */; };
		BD09AC83295C73AB008CD452 /* TrendingCoordinator.swift in Sources */ = {isa = PBXBuildFile; fileRef = BD09AC82295C73AB008CD452 /* TrendingCoordinator.swift */; };
		BD09AC85295C73D7008CD452 /* TrendingViewController.swift in Sources */ = {isa = PBXBuildFile; fileRef = BD09AC84295C73D7008CD452 /* TrendingViewController.swift */; };
		BD09AC87295C79A7008CD452 /* AppCoordinator.swift in Sources */ = {isa = PBXBuildFile; fileRef = BD09AC86295C79A7008CD452 /* AppCoordinator.swift */; };
		BD09AC8A295C8006008CD452 /* State.swift in Sources */ = {isa = PBXBuildFile; fileRef = BD09AC89295C8006008CD452 /* State.swift */; };
		BD09AC8C295DC5E3008CD452 /* timePeriod.swift in Sources */ = {isa = PBXBuildFile; fileRef = BD09AC8B295DC5E3008CD452 /* timePeriod.swift */; };
		BD09AC90295DCB83008CD452 /* ImageURLGenerator.swift in Sources */ = {isa = PBXBuildFile; fileRef = BD09AC8F295DCB83008CD452 /* ImageURLGenerator.swift */; };
		BD2AB00B2A0107C900AB78D6 /* ProfileDetailsViewController.swift in Sources */ = {isa = PBXBuildFile; fileRef = BD2AB00A2A0107C900AB78D6 /* ProfileDetailsViewController.swift */; };
		BD2AB00D2A0107D700AB78D6 /* ProfileDetailsCell.swift in Sources */ = {isa = PBXBuildFile; fileRef = BD2AB00C2A0107D700AB78D6 /* ProfileDetailsCell.swift */; };
		BD2AB00F2A01081200AB78D6 /* ProfileDetailsViewModel.swift in Sources */ = {isa = PBXBuildFile; fileRef = BD2AB00E2A01081200AB78D6 /* ProfileDetailsViewModel.swift */; };
		BD2AB0112A01085F00AB78D6 /* ProfileDetailsView.swift in Sources */ = {isa = PBXBuildFile; fileRef = BD2AB0102A01085F00AB78D6 /* ProfileDetailsView.swift */; };
		BD2AB0142A010BA000AB78D6 /* DetailsRows.swift in Sources */ = {isa = PBXBuildFile; fileRef = BD2AB0132A010BA000AB78D6 /* DetailsRows.swift */; };
		BD2AB0162A011F3800AB78D6 /* ProfileDetailsCoordinator.swift in Sources */ = {isa = PBXBuildFile; fileRef = BD2AB0152A011F3800AB78D6 /* ProfileDetailsCoordinator.swift */; };
		BD5A0A0F2990F4F9008818BC /* Profile.swift in Sources */ = {isa = PBXBuildFile; fileRef = BD5A0A0E2990F4F9008818BC /* Profile.swift */; };
		BD5A0A112990F5B8008818BC /* ProfileView.swift in Sources */ = {isa = PBXBuildFile; fileRef = BD5A0A102990F5B8008818BC /* ProfileView.swift */; };
		BD5A0A132990F91A008818BC /* ProfileCell.swift in Sources */ = {isa = PBXBuildFile; fileRef = BD5A0A122990F91A008818BC /* ProfileCell.swift */; };
		BD5A0A152991811B008818BC /* ProfileAccountCell.swift in Sources */ = {isa = PBXBuildFile; fileRef = BD5A0A142991811B008818BC /* ProfileAccountCell.swift */; };
		BD5A0A172993E74B008818BC /* FavoriteViewController.swift in Sources */ = {isa = PBXBuildFile; fileRef = BD5A0A162993E74A008818BC /* FavoriteViewController.swift */; };
		BD5A0A192993E756008818BC /* FavoriteViewModel.swift in Sources */ = {isa = PBXBuildFile; fileRef = BD5A0A182993E756008818BC /* FavoriteViewModel.swift */; };
		BD67D5BA296588BE00326F93 /* MediaItemCell.swift in Sources */ = {isa = PBXBuildFile; fileRef = BD67D5B9296588BE00326F93 /* MediaItemCell.swift */; };
		BD67D5BC296588CC00326F93 /* MediaItemViewModel.swift in Sources */ = {isa = PBXBuildFile; fileRef = BD67D5BB296588CC00326F93 /* MediaItemViewModel.swift */; };
		BD67D5BE296C633D00326F93 /* HeaderCell.swift in Sources */ = {isa = PBXBuildFile; fileRef = BD67D5BD296C633D00326F93 /* HeaderCell.swift */; };
		BD67D5C02976C8C000326F93 /* TabCoordinator.swift in Sources */ = {isa = PBXBuildFile; fileRef = BD67D5BF2976C8C000326F93 /* TabCoordinator.swift */; };
		BD67D5C32976CDA100326F93 /* Tabs.swift in Sources */ = {isa = PBXBuildFile; fileRef = BD67D5C22976CDA100326F93 /* Tabs.swift */; };
		BD67D5CE2976CF3F00326F93 /* SearchViewController.swift in Sources */ = {isa = PBXBuildFile; fileRef = BD67D5CD2976CF3F00326F93 /* SearchViewController.swift */; };
		BD67D5D02976CF4C00326F93 /* SearchViewModel.swift in Sources */ = {isa = PBXBuildFile; fileRef = BD67D5CF2976CF4C00326F93 /* SearchViewModel.swift */; };
		BD67D5D22976D18500326F93 /* SearchCoordinator.swift in Sources */ = {isa = PBXBuildFile; fileRef = BD67D5D12976D18500326F93 /* SearchCoordinator.swift */; };
		BD67D5D42979E28D00326F93 /* SearchItemCell.swift in Sources */ = {isa = PBXBuildFile; fileRef = BD67D5D32979E28D00326F93 /* SearchItemCell.swift */; };
		BD67D5D62979EADF00326F93 /* SearchItemViewModel.swift in Sources */ = {isa = PBXBuildFile; fileRef = BD67D5D52979EADF00326F93 /* SearchItemViewModel.swift */; };
		BD67D5DA297FE56800326F93 /* LoginCoordinator.swift in Sources */ = {isa = PBXBuildFile; fileRef = BD67D5D9297FE56800326F93 /* LoginCoordinator.swift */; };
		BD67D5DF297FE5E400326F93 /* LoginViewController.swift in Sources */ = {isa = PBXBuildFile; fileRef = BD67D5DE297FE5E400326F93 /* LoginViewController.swift */; };
		BD67D5E1297FE5FF00326F93 /* LoginViewModel.swift in Sources */ = {isa = PBXBuildFile; fileRef = BD67D5E0297FE5FF00326F93 /* LoginViewModel.swift */; };
		BD67D5E3297FEA2B00326F93 /* Session.swift in Sources */ = {isa = PBXBuildFile; fileRef = BD67D5E2297FEA2B00326F93 /* Session.swift */; };
		BD67D5E5297FEBCC00326F93 /* User.swift in Sources */ = {isa = PBXBuildFile; fileRef = BD67D5E4297FEBCC00326F93 /* User.swift */; };
		BD67D5E7298289C700326F93 /* TokenEndpoint.swift in Sources */ = {isa = PBXBuildFile; fileRef = BD67D5E6298289C600326F93 /* TokenEndpoint.swift */; };
		BD67D5E929828DB900326F93 /* SessionEndpoint.swift in Sources */ = {isa = PBXBuildFile; fileRef = BD67D5E829828DB900326F93 /* SessionEndpoint.swift */; };
		BD67D5EB2982C15C00326F93 /* ImageEndPoint.swift in Sources */ = {isa = PBXBuildFile; fileRef = BD67D5EA2982C15B00326F93 /* ImageEndPoint.swift */; };
		BD67D5ED2986646F00326F93 /* LoginView.swift in Sources */ = {isa = PBXBuildFile; fileRef = BD67D5EC2986646F00326F93 /* LoginView.swift */; };
		BD67D5EF2986907800326F93 /* Token.swift in Sources */ = {isa = PBXBuildFile; fileRef = BD67D5EE2986907800326F93 /* Token.swift */; };
		BD67D5F2298909EA00326F93 /* AccountEndpoint.swift in Sources */ = {isa = PBXBuildFile; fileRef = BD67D5F1298909EA00326F93 /* AccountEndpoint.swift */; };
		BD67D5F429890C6A00326F93 /* SessionResponse.swift in Sources */ = {isa = PBXBuildFile; fileRef = BD67D5F329890C6A00326F93 /* SessionResponse.swift */; };
		BD67D5F6298917CE00326F93 /* ProfileViewController.swift in Sources */ = {isa = PBXBuildFile; fileRef = BD67D5F5298917CE00326F93 /* ProfileViewController.swift */; };
		BD67D5F8298917F700326F93 /* ProfileViewModel.swift in Sources */ = {isa = PBXBuildFile; fileRef = BD67D5F7298917F700326F93 /* ProfileViewModel.swift */; };
		BD67D5FA2989181300326F93 /* ProfileCoordinator.swift in Sources */ = {isa = PBXBuildFile; fileRef = BD67D5F92989181300326F93 /* ProfileCoordinator.swift */; };
		BD67D5FB298AA67900326F93 /* Assets.xcassets in Resources */ = {isa = PBXBuildFile; fileRef = BD09AC2E29598FD8008CD452 /* Assets.xcassets */; };
		BDBEF05A299D0297009EF92F /* FavoriteEndpoint.swift in Sources */ = {isa = PBXBuildFile; fileRef = BDBEF059299D0297009EF92F /* FavoriteEndpoint.swift */; };
		BDBEF05C299D0927009EF92F /* FavoriteItemCell.swift in Sources */ = {isa = PBXBuildFile; fileRef = BDBEF05B299D0927009EF92F /* FavoriteItemCell.swift */; };
		BDBEF05E299D9C60009EF92F /* FavoriteItemViewModel.swift in Sources */ = {isa = PBXBuildFile; fileRef = BDBEF05D299D9C60009EF92F /* FavoriteItemViewModel.swift */; };
		F95A5C18549C4713EF318FAF /* Pods_Cinema.framework in Frameworks */ = {isa = PBXBuildFile; fileRef = 7AE1E28ADDCEE4A4817494B3 /* Pods_Cinema.framework */; };
/* End PBXBuildFile section */

/* Begin PBXContainerItemProxy section */
		BD09AC3929598FD8008CD452 /* PBXContainerItemProxy */ = {
			isa = PBXContainerItemProxy;
			containerPortal = BD09AC1A29598FD5008CD452 /* Project object */;
			proxyType = 1;
			remoteGlobalIDString = BD09AC2129598FD6008CD452;
			remoteInfo = Cinema;
		};
		BD09AC4329598FD9008CD452 /* PBXContainerItemProxy */ = {
			isa = PBXContainerItemProxy;
			containerPortal = BD09AC1A29598FD5008CD452 /* Project object */;
			proxyType = 1;
			remoteGlobalIDString = BD09AC2129598FD6008CD452;
			remoteInfo = Cinema;
		};
/* End PBXContainerItemProxy section */

/* Begin PBXFileReference section */
		2A4132EA1E1C5FFF96216E3B /* Pods_CinemaTests.framework */ = {isa = PBXFileReference; explicitFileType = wrapper.framework; includeInIndex = 0; path = Pods_CinemaTests.framework; sourceTree = BUILT_PRODUCTS_DIR; };
		7237B5847230E92B60D7A3BA /* Pods-Cinema-CinemaUITests.debug.xcconfig */ = {isa = PBXFileReference; includeInIndex = 1; lastKnownFileType = text.xcconfig; name = "Pods-Cinema-CinemaUITests.debug.xcconfig"; path = "Target Support Files/Pods-Cinema-CinemaUITests/Pods-Cinema-CinemaUITests.debug.xcconfig"; sourceTree = "<group>"; };
		7AE1E28ADDCEE4A4817494B3 /* Pods_Cinema.framework */ = {isa = PBXFileReference; explicitFileType = wrapper.framework; includeInIndex = 0; path = Pods_Cinema.framework; sourceTree = BUILT_PRODUCTS_DIR; };
		8B41C20977028EDEB7E54B59 /* Pods-CinemaTests.debug.xcconfig */ = {isa = PBXFileReference; includeInIndex = 1; lastKnownFileType = text.xcconfig; name = "Pods-CinemaTests.debug.xcconfig"; path = "Target Support Files/Pods-CinemaTests/Pods-CinemaTests.debug.xcconfig"; sourceTree = "<group>"; };
		918EC5373853F53D5280DCE4 /* Pods_Cinema_CinemaUITests.framework */ = {isa = PBXFileReference; explicitFileType = wrapper.framework; includeInIndex = 0; path = Pods_Cinema_CinemaUITests.framework; sourceTree = BUILT_PRODUCTS_DIR; };
		B186376432C6DE8D9DE2271A /* Pods-Cinema.release.xcconfig */ = {isa = PBXFileReference; includeInIndex = 1; lastKnownFileType = text.xcconfig; name = "Pods-Cinema.release.xcconfig"; path = "Target Support Files/Pods-Cinema/Pods-Cinema.release.xcconfig"; sourceTree = "<group>"; };
		BD09AC2229598FD6008CD452 /* Cinema.app */ = {isa = PBXFileReference; explicitFileType = wrapper.application; includeInIndex = 0; path = Cinema.app; sourceTree = BUILT_PRODUCTS_DIR; };
		BD09AC2529598FD6008CD452 /* AppDelegate.swift */ = {isa = PBXFileReference; lastKnownFileType = sourcecode.swift; path = AppDelegate.swift; sourceTree = "<group>"; };
		BD09AC2729598FD6008CD452 /* SceneDelegate.swift */ = {isa = PBXFileReference; lastKnownFileType = sourcecode.swift; path = SceneDelegate.swift; sourceTree = "<group>"; };
		BD09AC2E29598FD8008CD452 /* Assets.xcassets */ = {isa = PBXFileReference; lastKnownFileType = folder.assetcatalog; path = Assets.xcassets; sourceTree = "<group>"; };
		BD09AC3129598FD8008CD452 /* Base */ = {isa = PBXFileReference; lastKnownFileType = file.storyboard; name = Base; path = Base.lproj/LaunchScreen.storyboard; sourceTree = "<group>"; };
		BD09AC3329598FD8008CD452 /* Info.plist */ = {isa = PBXFileReference; lastKnownFileType = text.plist.xml; path = Info.plist; sourceTree = "<group>"; };
		BD09AC3829598FD8008CD452 /* CinemaTests.xctest */ = {isa = PBXFileReference; explicitFileType = wrapper.cfbundle; includeInIndex = 0; path = CinemaTests.xctest; sourceTree = BUILT_PRODUCTS_DIR; };
		BD09AC3C29598FD8008CD452 /* CinemaTests.swift */ = {isa = PBXFileReference; lastKnownFileType = sourcecode.swift; path = CinemaTests.swift; sourceTree = "<group>"; };
		BD09AC4229598FD9008CD452 /* CinemaUITests.xctest */ = {isa = PBXFileReference; explicitFileType = wrapper.cfbundle; includeInIndex = 0; path = CinemaUITests.xctest; sourceTree = BUILT_PRODUCTS_DIR; };
		BD09AC4629598FD9008CD452 /* CinemaUITests.swift */ = {isa = PBXFileReference; lastKnownFileType = sourcecode.swift; path = CinemaUITests.swift; sourceTree = "<group>"; };
		BD09AC4829598FD9008CD452 /* CinemaUITestsLaunchTests.swift */ = {isa = PBXFileReference; lastKnownFileType = sourcecode.swift; path = CinemaUITestsLaunchTests.swift; sourceTree = "<group>"; };
		BD09AC5E2959A465008CD452 /* RequestType.swift */ = {isa = PBXFileReference; lastKnownFileType = sourcecode.swift; path = RequestType.swift; sourceTree = "<group>"; };
		BD09AC602959A4AC008CD452 /* ErrorType.swift */ = {isa = PBXFileReference; lastKnownFileType = sourcecode.swift; path = ErrorType.swift; sourceTree = "<group>"; };
		BD09AC622959A4F1008CD452 /* APIConstants.swift */ = {isa = PBXFileReference; lastKnownFileType = sourcecode.swift; path = APIConstants.swift; sourceTree = "<group>"; };
		BD09AC642959A558008CD452 /* Endpoint.swift */ = {isa = PBXFileReference; lastKnownFileType = sourcecode.swift; path = Endpoint.swift; sourceTree = "<group>"; };
		BD09AC672959A6D7008CD452 /* JSONParser.swift */ = {isa = PBXFileReference; lastKnownFileType = sourcecode.swift; path = JSONParser.swift; sourceTree = "<group>"; };
		BD09AC692959A75D008CD452 /* API.swift */ = {isa = PBXFileReference; lastKnownFileType = sourcecode.swift; path = API.swift; sourceTree = "<group>"; };
		BD09AC6B2959A7B6008CD452 /* APIClient.swift */ = {isa = PBXFileReference; lastKnownFileType = sourcecode.swift; path = APIClient.swift; sourceTree = "<group>"; };
		BD09AC6F2959D144008CD452 /* MediaItem.swift */ = {isa = PBXFileReference; lastKnownFileType = sourcecode.swift; path = MediaItem.swift; sourceTree = "<group>"; };
		BD09AC722959D2FE008CD452 /* TrendingEndpoint.swift */ = {isa = PBXFileReference; lastKnownFileType = sourcecode.swift; path = TrendingEndpoint.swift; sourceTree = "<group>"; };
		BD09AC78295C727D008CD452 /* BaseCoordinator.swift */ = {isa = PBXFileReference; lastKnownFileType = sourcecode.swift; path = BaseCoordinator.swift; sourceTree = "<group>"; };
		BD09AC80295C7308008CD452 /* TrendingViewModel.swift */ = {isa = PBXFileReference; lastKnownFileType = sourcecode.swift; path = TrendingViewModel.swift; sourceTree = "<group>"; };
		BD09AC82295C73AB008CD452 /* TrendingCoordinator.swift */ = {isa = PBXFileReference; lastKnownFileType = sourcecode.swift; path = TrendingCoordinator.swift; sourceTree = "<group>"; };
		BD09AC84295C73D7008CD452 /* TrendingViewController.swift */ = {isa = PBXFileReference; lastKnownFileType = sourcecode.swift; path = TrendingViewController.swift; sourceTree = "<group>"; };
		BD09AC86295C79A7008CD452 /* AppCoordinator.swift */ = {isa = PBXFileReference; lastKnownFileType = sourcecode.swift; path = AppCoordinator.swift; sourceTree = "<group>"; };
		BD09AC89295C8006008CD452 /* State.swift */ = {isa = PBXFileReference; lastKnownFileType = sourcecode.swift; path = State.swift; sourceTree = "<group>"; };
		BD09AC8B295DC5E3008CD452 /* timePeriod.swift */ = {isa = PBXFileReference; lastKnownFileType = sourcecode.swift; path = timePeriod.swift; sourceTree = "<group>"; };
		BD09AC8F295DCB83008CD452 /* ImageURLGenerator.swift */ = {isa = PBXFileReference; lastKnownFileType = sourcecode.swift; path = ImageURLGenerator.swift; sourceTree = "<group>"; };
		BD2AB00A2A0107C900AB78D6 /* ProfileDetailsViewController.swift */ = {isa = PBXFileReference; lastKnownFileType = sourcecode.swift; path = ProfileDetailsViewController.swift; sourceTree = "<group>"; };
		BD2AB00C2A0107D700AB78D6 /* ProfileDetailsCell.swift */ = {isa = PBXFileReference; lastKnownFileType = sourcecode.swift; path = ProfileDetailsCell.swift; sourceTree = "<group>"; };
		BD2AB00E2A01081200AB78D6 /* ProfileDetailsViewModel.swift */ = {isa = PBXFileReference; lastKnownFileType = sourcecode.swift; path = ProfileDetailsViewModel.swift; sourceTree = "<group>"; };
		BD2AB0102A01085F00AB78D6 /* ProfileDetailsView.swift */ = {isa = PBXFileReference; lastKnownFileType = sourcecode.swift; path = ProfileDetailsView.swift; sourceTree = "<group>"; };
		BD2AB0132A010BA000AB78D6 /* DetailsRows.swift */ = {isa = PBXFileReference; lastKnownFileType = sourcecode.swift; path = DetailsRows.swift; sourceTree = "<group>"; };
		BD2AB0152A011F3800AB78D6 /* ProfileDetailsCoordinator.swift */ = {isa = PBXFileReference; lastKnownFileType = sourcecode.swift; path = ProfileDetailsCoordinator.swift; sourceTree = "<group>"; };
		BD5A0A0E2990F4F9008818BC /* Profile.swift */ = {isa = PBXFileReference; lastKnownFileType = sourcecode.swift; path = Profile.swift; sourceTree = "<group>"; };
		BD5A0A102990F5B8008818BC /* ProfileView.swift */ = {isa = PBXFileReference; lastKnownFileType = sourcecode.swift; path = ProfileView.swift; sourceTree = "<group>"; };
		BD5A0A122990F91A008818BC /* ProfileCell.swift */ = {isa = PBXFileReference; lastKnownFileType = sourcecode.swift; path = ProfileCell.swift; sourceTree = "<group>"; };
		BD5A0A142991811B008818BC /* ProfileAccountCell.swift */ = {isa = PBXFileReference; lastKnownFileType = sourcecode.swift; path = ProfileAccountCell.swift; sourceTree = "<group>"; };
		BD5A0A162993E74A008818BC /* FavoriteViewController.swift */ = {isa = PBXFileReference; lastKnownFileType = sourcecode.swift; path = FavoriteViewController.swift; sourceTree = "<group>"; };
		BD5A0A182993E756008818BC /* FavoriteViewModel.swift */ = {isa = PBXFileReference; lastKnownFileType = sourcecode.swift; path = FavoriteViewModel.swift; sourceTree = "<group>"; };
		BD67D5B9296588BE00326F93 /* MediaItemCell.swift */ = {isa = PBXFileReference; lastKnownFileType = sourcecode.swift; path = MediaItemCell.swift; sourceTree = "<group>"; };
		BD67D5BB296588CC00326F93 /* MediaItemViewModel.swift */ = {isa = PBXFileReference; lastKnownFileType = sourcecode.swift; path = MediaItemViewModel.swift; sourceTree = "<group>"; };
		BD67D5BD296C633D00326F93 /* HeaderCell.swift */ = {isa = PBXFileReference; lastKnownFileType = sourcecode.swift; path = HeaderCell.swift; sourceTree = "<group>"; };
		BD67D5BF2976C8C000326F93 /* TabCoordinator.swift */ = {isa = PBXFileReference; lastKnownFileType = sourcecode.swift; path = TabCoordinator.swift; sourceTree = "<group>"; };
		BD67D5C22976CDA100326F93 /* Tabs.swift */ = {isa = PBXFileReference; lastKnownFileType = sourcecode.swift; path = Tabs.swift; sourceTree = "<group>"; };
		BD67D5CD2976CF3F00326F93 /* SearchViewController.swift */ = {isa = PBXFileReference; lastKnownFileType = sourcecode.swift; path = SearchViewController.swift; sourceTree = "<group>"; };
		BD67D5CF2976CF4C00326F93 /* SearchViewModel.swift */ = {isa = PBXFileReference; lastKnownFileType = sourcecode.swift; path = SearchViewModel.swift; sourceTree = "<group>"; };
		BD67D5D12976D18500326F93 /* SearchCoordinator.swift */ = {isa = PBXFileReference; lastKnownFileType = sourcecode.swift; path = SearchCoordinator.swift; sourceTree = "<group>"; };
		BD67D5D32979E28D00326F93 /* SearchItemCell.swift */ = {isa = PBXFileReference; lastKnownFileType = sourcecode.swift; path = SearchItemCell.swift; sourceTree = "<group>"; };
		BD67D5D52979EADF00326F93 /* SearchItemViewModel.swift */ = {isa = PBXFileReference; lastKnownFileType = sourcecode.swift; path = SearchItemViewModel.swift; sourceTree = "<group>"; };
		BD67D5D9297FE56800326F93 /* LoginCoordinator.swift */ = {isa = PBXFileReference; lastKnownFileType = sourcecode.swift; path = LoginCoordinator.swift; sourceTree = "<group>"; };
		BD67D5DE297FE5E400326F93 /* LoginViewController.swift */ = {isa = PBXFileReference; lastKnownFileType = sourcecode.swift; path = LoginViewController.swift; sourceTree = "<group>"; };
		BD67D5E0297FE5FF00326F93 /* LoginViewModel.swift */ = {isa = PBXFileReference; lastKnownFileType = sourcecode.swift; path = LoginViewModel.swift; sourceTree = "<group>"; };
		BD67D5E2297FEA2B00326F93 /* Session.swift */ = {isa = PBXFileReference; lastKnownFileType = sourcecode.swift; path = Session.swift; sourceTree = "<group>"; };
		BD67D5E4297FEBCC00326F93 /* User.swift */ = {isa = PBXFileReference; lastKnownFileType = sourcecode.swift; path = User.swift; sourceTree = "<group>"; };
		BD67D5E6298289C600326F93 /* TokenEndpoint.swift */ = {isa = PBXFileReference; lastKnownFileType = sourcecode.swift; path = TokenEndpoint.swift; sourceTree = "<group>"; };
		BD67D5E829828DB900326F93 /* SessionEndpoint.swift */ = {isa = PBXFileReference; lastKnownFileType = sourcecode.swift; path = SessionEndpoint.swift; sourceTree = "<group>"; };
		BD67D5EA2982C15B00326F93 /* ImageEndPoint.swift */ = {isa = PBXFileReference; lastKnownFileType = sourcecode.swift; path = ImageEndPoint.swift; sourceTree = "<group>"; };
		BD67D5EC2986646F00326F93 /* LoginView.swift */ = {isa = PBXFileReference; lastKnownFileType = sourcecode.swift; path = LoginView.swift; sourceTree = "<group>"; };
		BD67D5EE2986907800326F93 /* Token.swift */ = {isa = PBXFileReference; lastKnownFileType = sourcecode.swift; path = Token.swift; sourceTree = "<group>"; };
		BD67D5F1298909EA00326F93 /* AccountEndpoint.swift */ = {isa = PBXFileReference; lastKnownFileType = sourcecode.swift; path = AccountEndpoint.swift; sourceTree = "<group>"; };
		BD67D5F329890C6A00326F93 /* SessionResponse.swift */ = {isa = PBXFileReference; lastKnownFileType = sourcecode.swift; path = SessionResponse.swift; sourceTree = "<group>"; };
		BD67D5F5298917CE00326F93 /* ProfileViewController.swift */ = {isa = PBXFileReference; lastKnownFileType = sourcecode.swift; path = ProfileViewController.swift; sourceTree = "<group>"; };
		BD67D5F7298917F700326F93 /* ProfileViewModel.swift */ = {isa = PBXFileReference; lastKnownFileType = sourcecode.swift; path = ProfileViewModel.swift; sourceTree = "<group>"; };
		BD67D5F92989181300326F93 /* ProfileCoordinator.swift */ = {isa = PBXFileReference; lastKnownFileType = sourcecode.swift; path = ProfileCoordinator.swift; sourceTree = "<group>"; };
		BDBEF059299D0297009EF92F /* FavoriteEndpoint.swift */ = {isa = PBXFileReference; lastKnownFileType = sourcecode.swift; path = FavoriteEndpoint.swift; sourceTree = "<group>"; };
		BDBEF05B299D0927009EF92F /* FavoriteItemCell.swift */ = {isa = PBXFileReference; lastKnownFileType = sourcecode.swift; path = FavoriteItemCell.swift; sourceTree = "<group>"; };
		BDBEF05D299D9C60009EF92F /* FavoriteItemViewModel.swift */ = {isa = PBXFileReference; lastKnownFileType = sourcecode.swift; path = FavoriteItemViewModel.swift; sourceTree = "<group>"; };
		C21B8ED8E16ED8525721F731 /* Pods-Cinema-CinemaUITests.release.xcconfig */ = {isa = PBXFileReference; includeInIndex = 1; lastKnownFileType = text.xcconfig; name = "Pods-Cinema-CinemaUITests.release.xcconfig"; path = "Target Support Files/Pods-Cinema-CinemaUITests/Pods-Cinema-CinemaUITests.release.xcconfig"; sourceTree = "<group>"; };
		EA116E1606FB590A43383B3A /* Pods-Cinema.debug.xcconfig */ = {isa = PBXFileReference; includeInIndex = 1; lastKnownFileType = text.xcconfig; name = "Pods-Cinema.debug.xcconfig"; path = "Target Support Files/Pods-Cinema/Pods-Cinema.debug.xcconfig"; sourceTree = "<group>"; };
		F2EE66B69588E92916892DAB /* Pods-CinemaTests.release.xcconfig */ = {isa = PBXFileReference; includeInIndex = 1; lastKnownFileType = text.xcconfig; name = "Pods-CinemaTests.release.xcconfig"; path = "Target Support Files/Pods-CinemaTests/Pods-CinemaTests.release.xcconfig"; sourceTree = "<group>"; };
/* End PBXFileReference section */

/* Begin PBXFrameworksBuildPhase section */
		BD09AC1F29598FD6008CD452 /* Frameworks */ = {
			isa = PBXFrameworksBuildPhase;
			buildActionMask = 2147483647;
			files = (
				F95A5C18549C4713EF318FAF /* Pods_Cinema.framework in Frameworks */,
			);
			runOnlyForDeploymentPostprocessing = 0;
		};
		BD09AC3529598FD8008CD452 /* Frameworks */ = {
			isa = PBXFrameworksBuildPhase;
			buildActionMask = 2147483647;
			files = (
				BABC58010E1A32AE0EFEA821 /* Pods_CinemaTests.framework in Frameworks */,
			);
			runOnlyForDeploymentPostprocessing = 0;
		};
		BD09AC3F29598FD9008CD452 /* Frameworks */ = {
			isa = PBXFrameworksBuildPhase;
			buildActionMask = 2147483647;
			files = (
				70633F0E36E9CE62B8D6A39E /* Pods_Cinema_CinemaUITests.framework in Frameworks */,
			);
			runOnlyForDeploymentPostprocessing = 0;
		};
/* End PBXFrameworksBuildPhase section */

/* Begin PBXGroup section */
		37F621444D5B8D4FF3A29505 /* Frameworks */ = {
			isa = PBXGroup;
			children = (
				7AE1E28ADDCEE4A4817494B3 /* Pods_Cinema.framework */,
				918EC5373853F53D5280DCE4 /* Pods_Cinema_CinemaUITests.framework */,
				2A4132EA1E1C5FFF96216E3B /* Pods_CinemaTests.framework */,
			);
			name = Frameworks;
			sourceTree = "<group>";
		};
		BD09AC1929598FD5008CD452 = {
			isa = PBXGroup;
			children = (
				BD09AC2429598FD6008CD452 /* Cinema */,
				BD09AC3B29598FD8008CD452 /* CinemaTests */,
				BD09AC4529598FD9008CD452 /* CinemaUITests */,
				BD09AC2329598FD6008CD452 /* Products */,
				EDD82B04E28879064349A2DC /* Pods */,
				37F621444D5B8D4FF3A29505 /* Frameworks */,
			);
			sourceTree = "<group>";
		};
		BD09AC2329598FD6008CD452 /* Products */ = {
			isa = PBXGroup;
			children = (
				BD09AC2229598FD6008CD452 /* Cinema.app */,
				BD09AC3829598FD8008CD452 /* CinemaTests.xctest */,
				BD09AC4229598FD9008CD452 /* CinemaUITests.xctest */,
			);
			name = Products;
			sourceTree = "<group>";
		};
		BD09AC2429598FD6008CD452 /* Cinema */ = {
			isa = PBXGroup;
			children = (
				BD67D5C12976CD8E00326F93 /* Enums */,
				BD09AC562959A35A008CD452 /* Core */,
				BD09AC77295C726F008CD452 /* Coordinators */,
				BD09AC7A295C7291008CD452 /* Features */,
				BD09AC5529599354008CD452 /* AppDelegate */,
				BD09AC2E29598FD8008CD452 /* Assets.xcassets */,
				BD09AC3029598FD8008CD452 /* LaunchScreen.storyboard */,
				BD09AC3329598FD8008CD452 /* Info.plist */,
			);
			path = Cinema;
			sourceTree = "<group>";
		};
		BD09AC3B29598FD8008CD452 /* CinemaTests */ = {
			isa = PBXGroup;
			children = (
				BD09AC3C29598FD8008CD452 /* CinemaTests.swift */,
			);
			path = CinemaTests;
			sourceTree = "<group>";
		};
		BD09AC4529598FD9008CD452 /* CinemaUITests */ = {
			isa = PBXGroup;
			children = (
				BD09AC4629598FD9008CD452 /* CinemaUITests.swift */,
				BD09AC4829598FD9008CD452 /* CinemaUITestsLaunchTests.swift */,
			);
			path = CinemaUITests;
			sourceTree = "<group>";
		};
		BD09AC5529599354008CD452 /* AppDelegate */ = {
			isa = PBXGroup;
			children = (
				BD09AC2529598FD6008CD452 /* AppDelegate.swift */,
				BD09AC2729598FD6008CD452 /* SceneDelegate.swift */,
			);
			path = AppDelegate;
			sourceTree = "<group>";
		};
		BD09AC562959A35A008CD452 /* Core */ = {
			isa = PBXGroup;
			children = (
				BD09AC6D2959D0D4008CD452 /* Data */,
				BD09AC572959A35E008CD452 /* Networking */,
			);
			path = Core;
			sourceTree = "<group>";
		};
		BD09AC572959A35E008CD452 /* Networking */ = {
			isa = PBXGroup;
			children = (
				BD09AC5B2959A38E008CD452 /* Helpers */,
				BD09AC5A2959A37A008CD452 /* Endpoint */,
				BD09AC592959A373008CD452 /* API */,
				BD09AC582959A36F008CD452 /* Enums */,
			);
			path = Networking;
			sourceTree = "<group>";
		};
		BD09AC582959A36F008CD452 /* Enums */ = {
			isa = PBXGroup;
			children = (
				BD09AC5E2959A465008CD452 /* RequestType.swift */,
				BD09AC602959A4AC008CD452 /* ErrorType.swift */,
			);
			path = Enums;
			sourceTree = "<group>";
		};
		BD09AC592959A373008CD452 /* API */ = {
			isa = PBXGroup;
			children = (
				BD09AC622959A4F1008CD452 /* APIConstants.swift */,
				BD09AC692959A75D008CD452 /* API.swift */,
				BD09AC6B2959A7B6008CD452 /* APIClient.swift */,
			);
			path = API;
			sourceTree = "<group>";
		};
		BD09AC5A2959A37A008CD452 /* Endpoint */ = {
			isa = PBXGroup;
			children = (
				BD09AC642959A558008CD452 /* Endpoint.swift */,
				BD09AC722959D2FE008CD452 /* TrendingEndpoint.swift */,
				BD67D5E6298289C600326F93 /* TokenEndpoint.swift */,
				BD67D5E829828DB900326F93 /* SessionEndpoint.swift */,
				BD67D5EA2982C15B00326F93 /* ImageEndPoint.swift */,
				BD67D5F1298909EA00326F93 /* AccountEndpoint.swift */,
				BDBEF059299D0297009EF92F /* FavoriteEndpoint.swift */,
			);
			path = Endpoint;
			sourceTree = "<group>";
		};
		BD09AC5B2959A38E008CD452 /* Helpers */ = {
			isa = PBXGroup;
			children = (
				BD09AC662959A6C8008CD452 /* Parser */,
				BD09AC8F295DCB83008CD452 /* ImageURLGenerator.swift */,
			);
			path = Helpers;
			sourceTree = "<group>";
		};
		BD09AC662959A6C8008CD452 /* Parser */ = {
			isa = PBXGroup;
			children = (
				BD09AC672959A6D7008CD452 /* JSONParser.swift */,
			);
			path = Parser;
			sourceTree = "<group>";
		};
		BD09AC6D2959D0D4008CD452 /* Data */ = {
			isa = PBXGroup;
			children = (
				BD09AC6E2959D0D8008CD452 /* Models */,
			);
			path = Data;
			sourceTree = "<group>";
		};
		BD09AC6E2959D0D8008CD452 /* Models */ = {
			isa = PBXGroup;
			children = (
				BD09AC6F2959D144008CD452 /* MediaItem.swift */,
				BD67D5E4297FEBCC00326F93 /* User.swift */,
				BD67D5EE2986907800326F93 /* Token.swift */,
				BD67D5F329890C6A00326F93 /* SessionResponse.swift */,
			);
			path = Models;
			sourceTree = "<group>";
		};
		BD09AC77295C726F008CD452 /* Coordinators */ = {
			isa = PBXGroup;
			children = (
				BD09AC78295C727D008CD452 /* BaseCoordinator.swift */,
				BD09AC86295C79A7008CD452 /* AppCoordinator.swift */,
				BD67D5BF2976C8C000326F93 /* TabCoordinator.swift */,
				BD09AC82295C73AB008CD452 /* TrendingCoordinator.swift */,
				BD67D5D12976D18500326F93 /* SearchCoordinator.swift */,
				BD67D5D9297FE56800326F93 /* LoginCoordinator.swift */,
				BD67D5F92989181300326F93 /* ProfileCoordinator.swift */,
				BD2AB0152A011F3800AB78D6 /* ProfileDetailsCoordinator.swift */,
			);
			path = Coordinators;
			sourceTree = "<group>";
		};
		BD09AC7A295C7291008CD452 /* Features */ = {
			isa = PBXGroup;
			children = (
				BD67D5DB297FE59800326F93 /* Login */,
				BD67D5C62976CEDD00326F93 /* Profile */,
				BD09AC7B295C7296008CD452 /* Trending */,
				BD67D5C42976CED300326F93 /* Search */,
				BD67D5C52976CED800326F93 /* Favorite */,
			);
			path = Features;
			sourceTree = "<group>";
		};
		BD09AC7B295C7296008CD452 /* Trending */ = {
			isa = PBXGroup;
			children = (
				BD09AC88295C7FFE008CD452 /* Enums */,
				BD09AC7D295C72A0008CD452 /* Views */,
				BD09AC7C295C729C008CD452 /* ViewModels */,
			);
			path = Trending;
			sourceTree = "<group>";
		};
		BD09AC7C295C729C008CD452 /* ViewModels */ = {
			isa = PBXGroup;
			children = (
				BD09AC80295C7308008CD452 /* TrendingViewModel.swift */,
				BD67D5BB296588CC00326F93 /* MediaItemViewModel.swift */,
			);
			path = ViewModels;
			sourceTree = "<group>";
		};
		BD09AC7D295C72A0008CD452 /* Views */ = {
			isa = PBXGroup;
			children = (
				BD09AC84295C73D7008CD452 /* TrendingViewController.swift */,
				BD67D5B9296588BE00326F93 /* MediaItemCell.swift */,
				BD67D5BD296C633D00326F93 /* HeaderCell.swift */,
			);
			path = Views;
			sourceTree = "<group>";
		};
		BD09AC88295C7FFE008CD452 /* Enums */ = {
			isa = PBXGroup;
			children = (
				BD09AC89295C8006008CD452 /* State.swift */,
				BD09AC8B295DC5E3008CD452 /* timePeriod.swift */,
			);
			path = Enums;
			sourceTree = "<group>";
		};
		BD2AB0072A0106E700AB78D6 /* Details */ = {
			isa = PBXGroup;
			children = (
				BD2AB0122A010B9000AB78D6 /* Enums */,
				BD2AB0092A0106F600AB78D6 /* ViewModels */,
				BD2AB0082A0106F200AB78D6 /* Views */,
			);
			path = Details;
			sourceTree = "<group>";
		};
		BD2AB0082A0106F200AB78D6 /* Views */ = {
			isa = PBXGroup;
			children = (
				BD2AB00A2A0107C900AB78D6 /* ProfileDetailsViewController.swift */,
				BD2AB00C2A0107D700AB78D6 /* ProfileDetailsCell.swift */,
				BD2AB0102A01085F00AB78D6 /* ProfileDetailsView.swift */,
			);
			path = Views;
			sourceTree = "<group>";
		};
		BD2AB0092A0106F600AB78D6 /* ViewModels */ = {
			isa = PBXGroup;
			children = (
				BD2AB00E2A01081200AB78D6 /* ProfileDetailsViewModel.swift */,
			);
			path = ViewModels;
			sourceTree = "<group>";
		};
		BD2AB0122A010B9000AB78D6 /* Enums */ = {
			isa = PBXGroup;
			children = (
				BD2AB0132A010BA000AB78D6 /* DetailsRows.swift */,
			);
			path = Enums;
			sourceTree = "<group>";
		};
		BD5A0A0D2990F4E9008818BC /* Enums */ = {
			isa = PBXGroup;
			children = (
				BD5A0A0E2990F4F9008818BC /* Profile.swift */,
			);
			path = Enums;
			sourceTree = "<group>";
		};
		BD67D5C12976CD8E00326F93 /* Enums */ = {
			isa = PBXGroup;
			children = (
				BD67D5C22976CDA100326F93 /* Tabs.swift */,
			);
			path = Enums;
			sourceTree = "<group>";
		};
		BD67D5C42976CED300326F93 /* Search */ = {
			isa = PBXGroup;
			children = (
				BD67D5C72976CEF900326F93 /* Views */,
				BD67D5C82976CEFD00326F93 /* ViewModels */,
			);
			path = Search;
			sourceTree = "<group>";
		};
		BD67D5C52976CED800326F93 /* Favorite */ = {
			isa = PBXGroup;
			children = (
				BD67D5CA2976CF1500326F93 /* Views */,
				BD67D5C92976CF1000326F93 /* ViewModels */,
			);
			path = Favorite;
			sourceTree = "<group>";
		};
		BD67D5C62976CEDD00326F93 /* Profile */ = {
			isa = PBXGroup;
			children = (
				BD2AB0072A0106E700AB78D6 /* Details */,
				BD5A0A0D2990F4E9008818BC /* Enums */,
				BD67D5CC2976CF2500326F93 /* Views */,
				BD67D5CB2976CF1C00326F93 /* ViewModels */,
			);
			path = Profile;
			sourceTree = "<group>";
		};
		BD67D5C72976CEF900326F93 /* Views */ = {
			isa = PBXGroup;
			children = (
				BD67D5CD2976CF3F00326F93 /* SearchViewController.swift */,
				BD67D5D32979E28D00326F93 /* SearchItemCell.swift */,
			);
			path = Views;
			sourceTree = "<group>";
		};
		BD67D5C82976CEFD00326F93 /* ViewModels */ = {
			isa = PBXGroup;
			children = (
				BD67D5CF2976CF4C00326F93 /* SearchViewModel.swift */,
				BD67D5D52979EADF00326F93 /* SearchItemViewModel.swift */,
			);
			path = ViewModels;
			sourceTree = "<group>";
		};
		BD67D5C92976CF1000326F93 /* ViewModels */ = {
			isa = PBXGroup;
			children = (
				BD5A0A182993E756008818BC /* FavoriteViewModel.swift */,
				BDBEF05D299D9C60009EF92F /* FavoriteItemViewModel.swift */,
			);
			path = ViewModels;
			sourceTree = "<group>";
		};
		BD67D5CA2976CF1500326F93 /* Views */ = {
			isa = PBXGroup;
			children = (
				BD5A0A162993E74A008818BC /* FavoriteViewController.swift */,
				BDBEF05B299D0927009EF92F /* FavoriteItemCell.swift */,
			);
			path = Views;
			sourceTree = "<group>";
		};
		BD67D5CB2976CF1C00326F93 /* ViewModels */ = {
			isa = PBXGroup;
			children = (
				BD67D5F7298917F700326F93 /* ProfileViewModel.swift */,
			);
			path = ViewModels;
			sourceTree = "<group>";
		};
		BD67D5CC2976CF2500326F93 /* Views */ = {
			isa = PBXGroup;
			children = (
				BD67D5F5298917CE00326F93 /* ProfileViewController.swift */,
				BD5A0A102990F5B8008818BC /* ProfileView.swift */,
				BD5A0A122990F91A008818BC /* ProfileCell.swift */,
				BD5A0A142991811B008818BC /* ProfileAccountCell.swift */,
			);
			path = Views;
			sourceTree = "<group>";
		};
		BD67D5DB297FE59800326F93 /* Login */ = {
			isa = PBXGroup;
			children = (
				BD67D5E2297FEA2B00326F93 /* Session.swift */,
				BD67D5DC297FE59E00326F93 /* Views */,
				BD67D5DD297FE5A200326F93 /* ViewModels */,
			);
			path = Login;
			sourceTree = "<group>";
		};
		BD67D5DC297FE59E00326F93 /* Views */ = {
			isa = PBXGroup;
			children = (
				BD67D5DE297FE5E400326F93 /* LoginViewController.swift */,
				BD67D5EC2986646F00326F93 /* LoginView.swift */,
			);
			path = Views;
			sourceTree = "<group>";
		};
		BD67D5DD297FE5A200326F93 /* ViewModels */ = {
			isa = PBXGroup;
			children = (
				BD67D5E0297FE5FF00326F93 /* LoginViewModel.swift */,
			);
			path = ViewModels;
			sourceTree = "<group>";
		};
		EDD82B04E28879064349A2DC /* Pods */ = {
			isa = PBXGroup;
			children = (
				EA116E1606FB590A43383B3A /* Pods-Cinema.debug.xcconfig */,
				B186376432C6DE8D9DE2271A /* Pods-Cinema.release.xcconfig */,
				7237B5847230E92B60D7A3BA /* Pods-Cinema-CinemaUITests.debug.xcconfig */,
				C21B8ED8E16ED8525721F731 /* Pods-Cinema-CinemaUITests.release.xcconfig */,
				8B41C20977028EDEB7E54B59 /* Pods-CinemaTests.debug.xcconfig */,
				F2EE66B69588E92916892DAB /* Pods-CinemaTests.release.xcconfig */,
			);
			path = Pods;
			sourceTree = "<group>";
		};
/* End PBXGroup section */

/* Begin PBXNativeTarget section */
		BD09AC2129598FD6008CD452 /* Cinema */ = {
			isa = PBXNativeTarget;
			buildConfigurationList = BD09AC4C29598FD9008CD452 /* Build configuration list for PBXNativeTarget "Cinema" */;
			buildPhases = (
				83B9EEC73AEE1E72B7542594 /* [CP] Check Pods Manifest.lock */,
				BD09AC1E29598FD6008CD452 /* Sources */,
				BD09AC1F29598FD6008CD452 /* Frameworks */,
				BD09AC2029598FD6008CD452 /* Resources */,
				474F81927090E4FC8DF23EF8 /* [CP] Embed Pods Frameworks */,
			);
			buildRules = (
			);
			dependencies = (
			);
			name = Cinema;
			productName = Cinema;
			productReference = BD09AC2229598FD6008CD452 /* Cinema.app */;
			productType = "com.apple.product-type.application";
		};
		BD09AC3729598FD8008CD452 /* CinemaTests */ = {
			isa = PBXNativeTarget;
			buildConfigurationList = BD09AC4F29598FD9008CD452 /* Build configuration list for PBXNativeTarget "CinemaTests" */;
			buildPhases = (
				C9CACC818779A018D267C562 /* [CP] Check Pods Manifest.lock */,
				BD09AC3429598FD8008CD452 /* Sources */,
				BD09AC3529598FD8008CD452 /* Frameworks */,
				BD09AC3629598FD8008CD452 /* Resources */,
			);
			buildRules = (
			);
			dependencies = (
				BD09AC3A29598FD8008CD452 /* PBXTargetDependency */,
			);
			name = CinemaTests;
			productName = CinemaTests;
			productReference = BD09AC3829598FD8008CD452 /* CinemaTests.xctest */;
			productType = "com.apple.product-type.bundle.unit-test";
		};
		BD09AC4129598FD9008CD452 /* CinemaUITests */ = {
			isa = PBXNativeTarget;
			buildConfigurationList = BD09AC5229598FD9008CD452 /* Build configuration list for PBXNativeTarget "CinemaUITests" */;
			buildPhases = (
				10874BFC23FDE403DBDC2C2B /* [CP] Check Pods Manifest.lock */,
				BD09AC3E29598FD9008CD452 /* Sources */,
				BD09AC3F29598FD9008CD452 /* Frameworks */,
				BD09AC4029598FD9008CD452 /* Resources */,
				2F3C896D09A137DD79EBEBFA /* [CP] Embed Pods Frameworks */,
			);
			buildRules = (
			);
			dependencies = (
				BD09AC4429598FD9008CD452 /* PBXTargetDependency */,
			);
			name = CinemaUITests;
			productName = CinemaUITests;
			productReference = BD09AC4229598FD9008CD452 /* CinemaUITests.xctest */;
			productType = "com.apple.product-type.bundle.ui-testing";
		};
/* End PBXNativeTarget section */

/* Begin PBXProject section */
		BD09AC1A29598FD5008CD452 /* Project object */ = {
			isa = PBXProject;
			attributes = {
				BuildIndependentTargetsInParallel = 1;
				LastSwiftUpdateCheck = 1340;
				LastUpgradeCheck = 1340;
				TargetAttributes = {
					BD09AC2129598FD6008CD452 = {
						CreatedOnToolsVersion = 13.4.1;
					};
					BD09AC3729598FD8008CD452 = {
						CreatedOnToolsVersion = 13.4.1;
						TestTargetID = BD09AC2129598FD6008CD452;
					};
					BD09AC4129598FD9008CD452 = {
						CreatedOnToolsVersion = 13.4.1;
						TestTargetID = BD09AC2129598FD6008CD452;
					};
				};
			};
			buildConfigurationList = BD09AC1D29598FD5008CD452 /* Build configuration list for PBXProject "Cinema" */;
			compatibilityVersion = "Xcode 13.0";
			developmentRegion = en;
			hasScannedForEncodings = 0;
			knownRegions = (
				en,
				Base,
			);
			mainGroup = BD09AC1929598FD5008CD452;
			productRefGroup = BD09AC2329598FD6008CD452 /* Products */;
			projectDirPath = "";
			projectRoot = "";
			targets = (
				BD09AC2129598FD6008CD452 /* Cinema */,
				BD09AC3729598FD8008CD452 /* CinemaTests */,
				BD09AC4129598FD9008CD452 /* CinemaUITests */,
			);
		};
/* End PBXProject section */

/* Begin PBXResourcesBuildPhase section */
		BD09AC2029598FD6008CD452 /* Resources */ = {
			isa = PBXResourcesBuildPhase;
			buildActionMask = 2147483647;
			files = (
				BD67D5FB298AA67900326F93 /* Assets.xcassets in Resources */,
				BD09AC3229598FD8008CD452 /* LaunchScreen.storyboard in Resources */,
			);
			runOnlyForDeploymentPostprocessing = 0;
		};
		BD09AC3629598FD8008CD452 /* Resources */ = {
			isa = PBXResourcesBuildPhase;
			buildActionMask = 2147483647;
			files = (
			);
			runOnlyForDeploymentPostprocessing = 0;
		};
		BD09AC4029598FD9008CD452 /* Resources */ = {
			isa = PBXResourcesBuildPhase;
			buildActionMask = 2147483647;
			files = (
			);
			runOnlyForDeploymentPostprocessing = 0;
		};
/* End PBXResourcesBuildPhase section */

/* Begin PBXShellScriptBuildPhase section */
		10874BFC23FDE403DBDC2C2B /* [CP] Check Pods Manifest.lock */ = {
			isa = PBXShellScriptBuildPhase;
			buildActionMask = 2147483647;
			files = (
			);
			inputFileListPaths = (
			);
			inputPaths = (
				"${PODS_PODFILE_DIR_PATH}/Podfile.lock",
				"${PODS_ROOT}/Manifest.lock",
			);
			name = "[CP] Check Pods Manifest.lock";
			outputFileListPaths = (
			);
			outputPaths = (
				"$(DERIVED_FILE_DIR)/Pods-Cinema-CinemaUITests-checkManifestLockResult.txt",
			);
			runOnlyForDeploymentPostprocessing = 0;
			shellPath = /bin/sh;
			shellScript = "diff \"${PODS_PODFILE_DIR_PATH}/Podfile.lock\" \"${PODS_ROOT}/Manifest.lock\" > /dev/null\nif [ $? != 0 ] ; then\n    # print error to STDERR\n    echo \"error: The sandbox is not in sync with the Podfile.lock. Run 'pod install' or update your CocoaPods installation.\" >&2\n    exit 1\nfi\n# This output is used by Xcode 'outputs' to avoid re-running this script phase.\necho \"SUCCESS\" > \"${SCRIPT_OUTPUT_FILE_0}\"\n";
			showEnvVarsInLog = 0;
		};
		2F3C896D09A137DD79EBEBFA /* [CP] Embed Pods Frameworks */ = {
			isa = PBXShellScriptBuildPhase;
			buildActionMask = 2147483647;
			files = (
			);
			inputFileListPaths = (
				"${PODS_ROOT}/Target Support Files/Pods-Cinema-CinemaUITests/Pods-Cinema-CinemaUITests-frameworks-${CONFIGURATION}-input-files.xcfilelist",
			);
			name = "[CP] Embed Pods Frameworks";
			outputFileListPaths = (
				"${PODS_ROOT}/Target Support Files/Pods-Cinema-CinemaUITests/Pods-Cinema-CinemaUITests-frameworks-${CONFIGURATION}-output-files.xcfilelist",
			);
			runOnlyForDeploymentPostprocessing = 0;
			shellPath = /bin/sh;
			shellScript = "\"${PODS_ROOT}/Target Support Files/Pods-Cinema-CinemaUITests/Pods-Cinema-CinemaUITests-frameworks.sh\"\n";
			showEnvVarsInLog = 0;
		};
		474F81927090E4FC8DF23EF8 /* [CP] Embed Pods Frameworks */ = {
			isa = PBXShellScriptBuildPhase;
			buildActionMask = 2147483647;
			files = (
			);
			inputFileListPaths = (
				"${PODS_ROOT}/Target Support Files/Pods-Cinema/Pods-Cinema-frameworks-${CONFIGURATION}-input-files.xcfilelist",
			);
			name = "[CP] Embed Pods Frameworks";
			outputFileListPaths = (
				"${PODS_ROOT}/Target Support Files/Pods-Cinema/Pods-Cinema-frameworks-${CONFIGURATION}-output-files.xcfilelist",
			);
			runOnlyForDeploymentPostprocessing = 0;
			shellPath = /bin/sh;
			shellScript = "\"${PODS_ROOT}/Target Support Files/Pods-Cinema/Pods-Cinema-frameworks.sh\"\n";
			showEnvVarsInLog = 0;
		};
		83B9EEC73AEE1E72B7542594 /* [CP] Check Pods Manifest.lock */ = {
			isa = PBXShellScriptBuildPhase;
			buildActionMask = 2147483647;
			files = (
			);
			inputFileListPaths = (
			);
			inputPaths = (
				"${PODS_PODFILE_DIR_PATH}/Podfile.lock",
				"${PODS_ROOT}/Manifest.lock",
			);
			name = "[CP] Check Pods Manifest.lock";
			outputFileListPaths = (
			);
			outputPaths = (
				"$(DERIVED_FILE_DIR)/Pods-Cinema-checkManifestLockResult.txt",
			);
			runOnlyForDeploymentPostprocessing = 0;
			shellPath = /bin/sh;
			shellScript = "diff \"${PODS_PODFILE_DIR_PATH}/Podfile.lock\" \"${PODS_ROOT}/Manifest.lock\" > /dev/null\nif [ $? != 0 ] ; then\n    # print error to STDERR\n    echo \"error: The sandbox is not in sync with the Podfile.lock. Run 'pod install' or update your CocoaPods installation.\" >&2\n    exit 1\nfi\n# This output is used by Xcode 'outputs' to avoid re-running this script phase.\necho \"SUCCESS\" > \"${SCRIPT_OUTPUT_FILE_0}\"\n";
			showEnvVarsInLog = 0;
		};
		C9CACC818779A018D267C562 /* [CP] Check Pods Manifest.lock */ = {
			isa = PBXShellScriptBuildPhase;
			buildActionMask = 2147483647;
			files = (
			);
			inputFileListPaths = (
			);
			inputPaths = (
				"${PODS_PODFILE_DIR_PATH}/Podfile.lock",
				"${PODS_ROOT}/Manifest.lock",
			);
			name = "[CP] Check Pods Manifest.lock";
			outputFileListPaths = (
			);
			outputPaths = (
				"$(DERIVED_FILE_DIR)/Pods-CinemaTests-checkManifestLockResult.txt",
			);
			runOnlyForDeploymentPostprocessing = 0;
			shellPath = /bin/sh;
			shellScript = "diff \"${PODS_PODFILE_DIR_PATH}/Podfile.lock\" \"${PODS_ROOT}/Manifest.lock\" > /dev/null\nif [ $? != 0 ] ; then\n    # print error to STDERR\n    echo \"error: The sandbox is not in sync with the Podfile.lock. Run 'pod install' or update your CocoaPods installation.\" >&2\n    exit 1\nfi\n# This output is used by Xcode 'outputs' to avoid re-running this script phase.\necho \"SUCCESS\" > \"${SCRIPT_OUTPUT_FILE_0}\"\n";
			showEnvVarsInLog = 0;
		};
/* End PBXShellScriptBuildPhase section */

/* Begin PBXSourcesBuildPhase section */
		BD09AC1E29598FD6008CD452 /* Sources */ = {
			isa = PBXSourcesBuildPhase;
			buildActionMask = 2147483647;
			files = (
				BD67D5FA2989181300326F93 /* ProfileCoordinator.swift in Sources */,
				BD2AB0162A011F3800AB78D6 /* ProfileDetailsCoordinator.swift in Sources */,
				BD5A0A152991811B008818BC /* ProfileAccountCell.swift in Sources */,
				BD09AC652959A558008CD452 /* Endpoint.swift in Sources */,
				BD09AC8C295DC5E3008CD452 /* timePeriod.swift in Sources */,
				BD67D5F6298917CE00326F93 /* ProfileViewController.swift in Sources */,
				BDBEF05E299D9C60009EF92F /* FavoriteItemViewModel.swift in Sources */,
				BD09AC79295C727D008CD452 /* BaseCoordinator.swift in Sources */,
				BD09AC83295C73AB008CD452 /* TrendingCoordinator.swift in Sources */,
				BD67D5D42979E28D00326F93 /* SearchItemCell.swift in Sources */,
				BD5A0A192993E756008818BC /* FavoriteViewModel.swift in Sources */,
				BD67D5D22976D18500326F93 /* SearchCoordinator.swift in Sources */,
				BD2AB0142A010BA000AB78D6 /* DetailsRows.swift in Sources */,
				BD67D5F2298909EA00326F93 /* AccountEndpoint.swift in Sources */,
				BD2AB00D2A0107D700AB78D6 /* ProfileDetailsCell.swift in Sources */,
				BD09AC90295DCB83008CD452 /* ImageURLGenerator.swift in Sources */,
				BD5A0A112990F5B8008818BC /* ProfileView.swift in Sources */,
				BD09AC682959A6D7008CD452 /* JSONParser.swift in Sources */,
				BD2AB00B2A0107C900AB78D6 /* ProfileDetailsViewController.swift in Sources */,
				BD67D5EB2982C15C00326F93 /* ImageEndPoint.swift in Sources */,
				BD09AC85295C73D7008CD452 /* TrendingViewController.swift in Sources */,
				BD67D5BE296C633D00326F93 /* HeaderCell.swift in Sources */,
				BD09AC87295C79A7008CD452 /* AppCoordinator.swift in Sources */,
				BD2AB0112A01085F00AB78D6 /* ProfileDetailsView.swift in Sources */,
				BD67D5BC296588CC00326F93 /* MediaItemViewModel.swift in Sources */,
				BD5A0A0F2990F4F9008818BC /* Profile.swift in Sources */,
				BD5A0A132990F91A008818BC /* ProfileCell.swift in Sources */,
				BD67D5DA297FE56800326F93 /* LoginCoordinator.swift in Sources */,
				BD67D5DF297FE5E400326F93 /* LoginViewController.swift in Sources */,
				BD09AC612959A4AC008CD452 /* ErrorType.swift in Sources */,
				BD67D5F429890C6A00326F93 /* SessionResponse.swift in Sources */,
				BD67D5ED2986646F00326F93 /* LoginView.swift in Sources */,
				BD67D5E7298289C700326F93 /* TokenEndpoint.swift in Sources */,
				BD09AC632959A4F1008CD452 /* APIConstants.swift in Sources */,
				BD67D5C02976C8C000326F93 /* TabCoordinator.swift in Sources */,
				BD09AC2629598FD6008CD452 /* AppDelegate.swift in Sources */,
				BD09AC8A295C8006008CD452 /* State.swift in Sources */,
				BD67D5CE2976CF3F00326F93 /* SearchViewController.swift in Sources */,
				BDBEF05A299D0297009EF92F /* FavoriteEndpoint.swift in Sources */,
				BD5A0A172993E74B008818BC /* FavoriteViewController.swift in Sources */,
				BD67D5E1297FE5FF00326F93 /* LoginViewModel.swift in Sources */,
				BD67D5EF2986907800326F93 /* Token.swift in Sources */,
				BD67D5F8298917F700326F93 /* ProfileViewModel.swift in Sources */,
				BD09AC81295C7308008CD452 /* TrendingViewModel.swift in Sources */,
				BD09AC6C2959A7B6008CD452 /* APIClient.swift in Sources */,
				BD67D5D02976CF4C00326F93 /* SearchViewModel.swift in Sources */,
				BDBEF05C299D0927009EF92F /* FavoriteItemCell.swift in Sources */,
				BD67D5E5297FEBCC00326F93 /* User.swift in Sources */,
				BD67D5D62979EADF00326F93 /* SearchItemViewModel.swift in Sources */,
				BD09AC2829598FD6008CD452 /* SceneDelegate.swift in Sources */,
				BD09AC6A2959A75D008CD452 /* API.swift in Sources */,
				BD67D5E929828DB900326F93 /* SessionEndpoint.swift in Sources */,
				BD67D5BA296588BE00326F93 /* MediaItemCell.swift in Sources */,
				BD09AC732959D2FE008CD452 /* TrendingEndpoint.swift in Sources */,
				BD2AB00F2A01081200AB78D6 /* ProfileDetailsViewModel.swift in Sources */,
				BD67D5E3297FEA2B00326F93 /* Session.swift in Sources */,
				BD09AC5F2959A465008CD452 /* RequestType.swift in Sources */,
				BD09AC702959D144008CD452 /* MediaItem.swift in Sources */,
				BD67D5C32976CDA100326F93 /* Tabs.swift in Sources */,
			);
			runOnlyForDeploymentPostprocessing = 0;
		};
		BD09AC3429598FD8008CD452 /* Sources */ = {
			isa = PBXSourcesBuildPhase;
			buildActionMask = 2147483647;
			files = (
				BD09AC3D29598FD8008CD452 /* CinemaTests.swift in Sources */,
			);
			runOnlyForDeploymentPostprocessing = 0;
		};
		BD09AC3E29598FD9008CD452 /* Sources */ = {
			isa = PBXSourcesBuildPhase;
			buildActionMask = 2147483647;
			files = (
				BD09AC4729598FD9008CD452 /* CinemaUITests.swift in Sources */,
				BD09AC4929598FD9008CD452 /* CinemaUITestsLaunchTests.swift in Sources */,
			);
			runOnlyForDeploymentPostprocessing = 0;
		};
/* End PBXSourcesBuildPhase section */

/* Begin PBXTargetDependency section */
		BD09AC3A29598FD8008CD452 /* PBXTargetDependency */ = {
			isa = PBXTargetDependency;
			target = BD09AC2129598FD6008CD452 /* Cinema */;
			targetProxy = BD09AC3929598FD8008CD452 /* PBXContainerItemProxy */;
		};
		BD09AC4429598FD9008CD452 /* PBXTargetDependency */ = {
			isa = PBXTargetDependency;
			target = BD09AC2129598FD6008CD452 /* Cinema */;
			targetProxy = BD09AC4329598FD9008CD452 /* PBXContainerItemProxy */;
		};
/* End PBXTargetDependency section */

/* Begin PBXVariantGroup section */
		BD09AC3029598FD8008CD452 /* LaunchScreen.storyboard */ = {
			isa = PBXVariantGroup;
			children = (
				BD09AC3129598FD8008CD452 /* Base */,
			);
			name = LaunchScreen.storyboard;
			sourceTree = "<group>";
		};
/* End PBXVariantGroup section */

/* Begin XCBuildConfiguration section */
		BD09AC4A29598FD9008CD452 /* Debug */ = {
			isa = XCBuildConfiguration;
			buildSettings = {
				ALWAYS_SEARCH_USER_PATHS = NO;
				CLANG_ANALYZER_NONNULL = YES;
				CLANG_ANALYZER_NUMBER_OBJECT_CONVERSION = YES_AGGRESSIVE;
				CLANG_CXX_LANGUAGE_STANDARD = "gnu++17";
				CLANG_ENABLE_MODULES = YES;
				CLANG_ENABLE_OBJC_ARC = YES;
				CLANG_ENABLE_OBJC_WEAK = YES;
				CLANG_WARN_BLOCK_CAPTURE_AUTORELEASING = YES;
				CLANG_WARN_BOOL_CONVERSION = YES;
				CLANG_WARN_COMMA = YES;
				CLANG_WARN_CONSTANT_CONVERSION = YES;
				CLANG_WARN_DEPRECATED_OBJC_IMPLEMENTATIONS = YES;
				CLANG_WARN_DIRECT_OBJC_ISA_USAGE = YES_ERROR;
				CLANG_WARN_DOCUMENTATION_COMMENTS = YES;
				CLANG_WARN_EMPTY_BODY = YES;
				CLANG_WARN_ENUM_CONVERSION = YES;
				CLANG_WARN_INFINITE_RECURSION = YES;
				CLANG_WARN_INT_CONVERSION = YES;
				CLANG_WARN_NON_LITERAL_NULL_CONVERSION = YES;
				CLANG_WARN_OBJC_IMPLICIT_RETAIN_SELF = YES;
				CLANG_WARN_OBJC_LITERAL_CONVERSION = YES;
				CLANG_WARN_OBJC_ROOT_CLASS = YES_ERROR;
				CLANG_WARN_QUOTED_INCLUDE_IN_FRAMEWORK_HEADER = YES;
				CLANG_WARN_RANGE_LOOP_ANALYSIS = YES;
				CLANG_WARN_STRICT_PROTOTYPES = YES;
				CLANG_WARN_SUSPICIOUS_MOVE = YES;
				CLANG_WARN_UNGUARDED_AVAILABILITY = YES_AGGRESSIVE;
				CLANG_WARN_UNREACHABLE_CODE = YES;
				CLANG_WARN__DUPLICATE_METHOD_MATCH = YES;
				COPY_PHASE_STRIP = NO;
				DEBUG_INFORMATION_FORMAT = dwarf;
				ENABLE_STRICT_OBJC_MSGSEND = YES;
				ENABLE_TESTABILITY = YES;
				GCC_C_LANGUAGE_STANDARD = gnu11;
				GCC_DYNAMIC_NO_PIC = NO;
				GCC_NO_COMMON_BLOCKS = YES;
				GCC_OPTIMIZATION_LEVEL = 0;
				GCC_PREPROCESSOR_DEFINITIONS = (
					"DEBUG=1",
					"$(inherited)",
				);
				GCC_WARN_64_TO_32_BIT_CONVERSION = YES;
				GCC_WARN_ABOUT_RETURN_TYPE = YES_ERROR;
				GCC_WARN_UNDECLARED_SELECTOR = YES;
				GCC_WARN_UNINITIALIZED_AUTOS = YES_AGGRESSIVE;
				GCC_WARN_UNUSED_FUNCTION = YES;
				GCC_WARN_UNUSED_VARIABLE = YES;
				IPHONEOS_DEPLOYMENT_TARGET = 15.5;
				MTL_ENABLE_DEBUG_INFO = INCLUDE_SOURCE;
				MTL_FAST_MATH = YES;
				ONLY_ACTIVE_ARCH = YES;
				SDKROOT = iphoneos;
				SWIFT_ACTIVE_COMPILATION_CONDITIONS = DEBUG;
				SWIFT_OPTIMIZATION_LEVEL = "-Onone";
			};
			name = Debug;
		};
		BD09AC4B29598FD9008CD452 /* Release */ = {
			isa = XCBuildConfiguration;
			buildSettings = {
				ALWAYS_SEARCH_USER_PATHS = NO;
				CLANG_ANALYZER_NONNULL = YES;
				CLANG_ANALYZER_NUMBER_OBJECT_CONVERSION = YES_AGGRESSIVE;
				CLANG_CXX_LANGUAGE_STANDARD = "gnu++17";
				CLANG_ENABLE_MODULES = YES;
				CLANG_ENABLE_OBJC_ARC = YES;
				CLANG_ENABLE_OBJC_WEAK = YES;
				CLANG_WARN_BLOCK_CAPTURE_AUTORELEASING = YES;
				CLANG_WARN_BOOL_CONVERSION = YES;
				CLANG_WARN_COMMA = YES;
				CLANG_WARN_CONSTANT_CONVERSION = YES;
				CLANG_WARN_DEPRECATED_OBJC_IMPLEMENTATIONS = YES;
				CLANG_WARN_DIRECT_OBJC_ISA_USAGE = YES_ERROR;
				CLANG_WARN_DOCUMENTATION_COMMENTS = YES;
				CLANG_WARN_EMPTY_BODY = YES;
				CLANG_WARN_ENUM_CONVERSION = YES;
				CLANG_WARN_INFINITE_RECURSION = YES;
				CLANG_WARN_INT_CONVERSION = YES;
				CLANG_WARN_NON_LITERAL_NULL_CONVERSION = YES;
				CLANG_WARN_OBJC_IMPLICIT_RETAIN_SELF = YES;
				CLANG_WARN_OBJC_LITERAL_CONVERSION = YES;
				CLANG_WARN_OBJC_ROOT_CLASS = YES_ERROR;
				CLANG_WARN_QUOTED_INCLUDE_IN_FRAMEWORK_HEADER = YES;
				CLANG_WARN_RANGE_LOOP_ANALYSIS = YES;
				CLANG_WARN_STRICT_PROTOTYPES = YES;
				CLANG_WARN_SUSPICIOUS_MOVE = YES;
				CLANG_WARN_UNGUARDED_AVAILABILITY = YES_AGGRESSIVE;
				CLANG_WARN_UNREACHABLE_CODE = YES;
				CLANG_WARN__DUPLICATE_METHOD_MATCH = YES;
				COPY_PHASE_STRIP = NO;
				DEBUG_INFORMATION_FORMAT = "dwarf-with-dsym";
				ENABLE_NS_ASSERTIONS = NO;
				ENABLE_STRICT_OBJC_MSGSEND = YES;
				GCC_C_LANGUAGE_STANDARD = gnu11;
				GCC_NO_COMMON_BLOCKS = YES;
				GCC_WARN_64_TO_32_BIT_CONVERSION = YES;
				GCC_WARN_ABOUT_RETURN_TYPE = YES_ERROR;
				GCC_WARN_UNDECLARED_SELECTOR = YES;
				GCC_WARN_UNINITIALIZED_AUTOS = YES_AGGRESSIVE;
				GCC_WARN_UNUSED_FUNCTION = YES;
				GCC_WARN_UNUSED_VARIABLE = YES;
				IPHONEOS_DEPLOYMENT_TARGET = 15.5;
				MTL_ENABLE_DEBUG_INFO = NO;
				MTL_FAST_MATH = YES;
				SDKROOT = iphoneos;
				SWIFT_COMPILATION_MODE = wholemodule;
				SWIFT_OPTIMIZATION_LEVEL = "-O";
				VALIDATE_PRODUCT = YES;
			};
			name = Release;
		};
		BD09AC4D29598FD9008CD452 /* Debug */ = {
			isa = XCBuildConfiguration;
			baseConfigurationReference = EA116E1606FB590A43383B3A /* Pods-Cinema.debug.xcconfig */;
			buildSettings = {
				ASSETCATALOG_COMPILER_APPICON_NAME = AppIcon;
				ASSETCATALOG_COMPILER_GLOBAL_ACCENT_COLOR_NAME = AccentColor;
				CODE_SIGN_IDENTITY = "Apple Development";
				CODE_SIGN_STYLE = Automatic;
				CURRENT_PROJECT_VERSION = 1;
				DEVELOPMENT_TEAM = Y652TUB927;
				GENERATE_INFOPLIST_FILE = YES;
				INFOPLIST_FILE = Cinema/Info.plist;
				INFOPLIST_KEY_UIApplicationSupportsIndirectInputEvents = YES;
				INFOPLIST_KEY_UILaunchStoryboardName = LaunchScreen;
				INFOPLIST_KEY_UISupportedInterfaceOrientations_iPad = "UIInterfaceOrientationPortrait UIInterfaceOrientationPortraitUpsideDown UIInterfaceOrientationLandscapeLeft UIInterfaceOrientationLandscapeRight";
				INFOPLIST_KEY_UISupportedInterfaceOrientations_iPhone = "UIInterfaceOrientationPortrait UIInterfaceOrientationLandscapeLeft UIInterfaceOrientationLandscapeRight";
				LD_RUNPATH_SEARCH_PATHS = (
					"$(inherited)",
					"@executable_path/Frameworks",
				);
				MARKETING_VERSION = 1.0;
				PRODUCT_BUNDLE_IDENTIFIER = Moussaab.Cinema;
				PRODUCT_NAME = "$(TARGET_NAME)";
				PROVISIONING_PROFILE_SPECIFIER = "";
				SWIFT_EMIT_LOC_STRINGS = YES;
				SWIFT_VERSION = 5.0;
				TARGETED_DEVICE_FAMILY = "1,2";
			};
			name = Debug;
		};
		BD09AC4E29598FD9008CD452 /* Release */ = {
			isa = XCBuildConfiguration;
			baseConfigurationReference = B186376432C6DE8D9DE2271A /* Pods-Cinema.release.xcconfig */;
			buildSettings = {
				ASSETCATALOG_COMPILER_APPICON_NAME = AppIcon;
				ASSETCATALOG_COMPILER_GLOBAL_ACCENT_COLOR_NAME = AccentColor;
				CODE_SIGN_IDENTITY = "Apple Development";
				CODE_SIGN_STYLE = Automatic;
				CURRENT_PROJECT_VERSION = 1;
				DEVELOPMENT_TEAM = Y652TUB927;
				GENERATE_INFOPLIST_FILE = YES;
				INFOPLIST_FILE = Cinema/Info.plist;
				INFOPLIST_KEY_UIApplicationSupportsIndirectInputEvents = YES;
				INFOPLIST_KEY_UILaunchStoryboardName = LaunchScreen;
				INFOPLIST_KEY_UISupportedInterfaceOrientations_iPad = "UIInterfaceOrientationPortrait UIInterfaceOrientationPortraitUpsideDown UIInterfaceOrientationLandscapeLeft UIInterfaceOrientationLandscapeRight";
				INFOPLIST_KEY_UISupportedInterfaceOrientations_iPhone = "UIInterfaceOrientationPortrait UIInterfaceOrientationLandscapeLeft UIInterfaceOrientationLandscapeRight";
				LD_RUNPATH_SEARCH_PATHS = (
					"$(inherited)",
					"@executable_path/Frameworks",
				);
				MARKETING_VERSION = 1.0;
				PRODUCT_BUNDLE_IDENTIFIER = Moussaab.Cinema;
				PRODUCT_NAME = "$(TARGET_NAME)";
				PROVISIONING_PROFILE_SPECIFIER = "";
				SWIFT_EMIT_LOC_STRINGS = YES;
				SWIFT_VERSION = 5.0;
				TARGETED_DEVICE_FAMILY = "1,2";
			};
			name = Release;
		};
		BD09AC5029598FD9008CD452 /* Debug */ = {
			isa = XCBuildConfiguration;
			baseConfigurationReference = 8B41C20977028EDEB7E54B59 /* Pods-CinemaTests.debug.xcconfig */;
			buildSettings = {
				ALWAYS_EMBED_SWIFT_STANDARD_LIBRARIES = YES;
				BUNDLE_LOADER = "$(TEST_HOST)";
				CODE_SIGN_STYLE = Automatic;
				CURRENT_PROJECT_VERSION = 1;
				DEVELOPMENT_TEAM = Y652TUB927;
				GENERATE_INFOPLIST_FILE = YES;
				IPHONEOS_DEPLOYMENT_TARGET = 15.5;
				MARKETING_VERSION = 1.0;
				PRODUCT_BUNDLE_IDENTIFIER = Moussaab.CinemaTests;
				PRODUCT_NAME = "$(TARGET_NAME)";
				SWIFT_EMIT_LOC_STRINGS = NO;
				SWIFT_VERSION = 5.0;
				TARGETED_DEVICE_FAMILY = "1,2";
				TEST_HOST = "$(BUILT_PRODUCTS_DIR)/Cinema.app/Cinema";
			};
			name = Debug;
		};
		BD09AC5129598FD9008CD452 /* Release */ = {
			isa = XCBuildConfiguration;
			baseConfigurationReference = F2EE66B69588E92916892DAB /* Pods-CinemaTests.release.xcconfig */;
			buildSettings = {
				ALWAYS_EMBED_SWIFT_STANDARD_LIBRARIES = YES;
				BUNDLE_LOADER = "$(TEST_HOST)";
				CODE_SIGN_STYLE = Automatic;
				CURRENT_PROJECT_VERSION = 1;
				DEVELOPMENT_TEAM = Y652TUB927;
				GENERATE_INFOPLIST_FILE = YES;
				IPHONEOS_DEPLOYMENT_TARGET = 15.5;
				MARKETING_VERSION = 1.0;
				PRODUCT_BUNDLE_IDENTIFIER = Moussaab.CinemaTests;
				PRODUCT_NAME = "$(TARGET_NAME)";
				SWIFT_EMIT_LOC_STRINGS = NO;
				SWIFT_VERSION = 5.0;
				TARGETED_DEVICE_FAMILY = "1,2";
				TEST_HOST = "$(BUILT_PRODUCTS_DIR)/Cinema.app/Cinema";
			};
			name = Release;
		};
		BD09AC5329598FD9008CD452 /* Debug */ = {
			isa = XCBuildConfiguration;
			baseConfigurationReference = 7237B5847230E92B60D7A3BA /* Pods-Cinema-CinemaUITests.debug.xcconfig */;
			buildSettings = {
				ALWAYS_EMBED_SWIFT_STANDARD_LIBRARIES = YES;
				CODE_SIGN_STYLE = Automatic;
				CURRENT_PROJECT_VERSION = 1;
				DEVELOPMENT_TEAM = Y652TUB927;
				GENERATE_INFOPLIST_FILE = YES;
				MARKETING_VERSION = 1.0;
				PRODUCT_BUNDLE_IDENTIFIER = Moussaab.CinemaUITests;
				PRODUCT_NAME = "$(TARGET_NAME)";
				SWIFT_EMIT_LOC_STRINGS = NO;
				SWIFT_VERSION = 5.0;
				TARGETED_DEVICE_FAMILY = "1,2";
				TEST_TARGET_NAME = Cinema;
			};
			name = Debug;
		};
		BD09AC5429598FD9008CD452 /* Release */ = {
			isa = XCBuildConfiguration;
			baseConfigurationReference = C21B8ED8E16ED8525721F731 /* Pods-Cinema-CinemaUITests.release.xcconfig */;
			buildSettings = {
				ALWAYS_EMBED_SWIFT_STANDARD_LIBRARIES = YES;
				CODE_SIGN_STYLE = Automatic;
				CURRENT_PROJECT_VERSION = 1;
				DEVELOPMENT_TEAM = Y652TUB927;
				GENERATE_INFOPLIST_FILE = YES;
				MARKETING_VERSION = 1.0;
				PRODUCT_BUNDLE_IDENTIFIER = Moussaab.CinemaUITests;
				PRODUCT_NAME = "$(TARGET_NAME)";
				SWIFT_EMIT_LOC_STRINGS = NO;
				SWIFT_VERSION = 5.0;
				TARGETED_DEVICE_FAMILY = "1,2";
				TEST_TARGET_NAME = Cinema;
			};
			name = Release;
		};
/* End XCBuildConfiguration section */

/* Begin XCConfigurationList section */
		BD09AC1D29598FD5008CD452 /* Build configuration list for PBXProject "Cinema" */ = {
			isa = XCConfigurationList;
			buildConfigurations = (
				BD09AC4A29598FD9008CD452 /* Debug */,
				BD09AC4B29598FD9008CD452 /* Release */,
			);
			defaultConfigurationIsVisible = 0;
			defaultConfigurationName = Release;
		};
		BD09AC4C29598FD9008CD452 /* Build configuration list for PBXNativeTarget "Cinema" */ = {
			isa = XCConfigurationList;
			buildConfigurations = (
				BD09AC4D29598FD9008CD452 /* Debug */,
				BD09AC4E29598FD9008CD452 /* Release */,
			);
			defaultConfigurationIsVisible = 0;
			defaultConfigurationName = Release;
		};
		BD09AC4F29598FD9008CD452 /* Build configuration list for PBXNativeTarget "CinemaTests" */ = {
			isa = XCConfigurationList;
			buildConfigurations = (
				BD09AC5029598FD9008CD452 /* Debug */,
				BD09AC5129598FD9008CD452 /* Release */,
			);
			defaultConfigurationIsVisible = 0;
			defaultConfigurationName = Release;
		};
		BD09AC5229598FD9008CD452 /* Build configuration list for PBXNativeTarget "CinemaUITests" */ = {
			isa = XCConfigurationList;
			buildConfigurations = (
				BD09AC5329598FD9008CD452 /* Debug */,
				BD09AC5429598FD9008CD452 /* Release */,
			);
			defaultConfigurationIsVisible = 0;
			defaultConfigurationName = Release;
		};
/* End XCConfigurationList section */
	};
	rootObject = BD09AC1A29598FD5008CD452 /* Project object */;
}
